// !$*UTF8*$!
{
	archiveVersion = 1;
	classes = {
	};
	objectVersion = 46;
	objects = {

/* Begin PBXBuildFile section */
		24E742E76776B84BB62565AC /* Pods_FFFTestTests.framework in Frameworks */ = {isa = PBXBuildFile; fileRef = AF19D50862D7E98ABAE8ED49 /* Pods_FFFTestTests.framework */; };
		80BD2CD777F089A6A6E7C87F /* Pods_FFFTest.framework in Frameworks */ = {isa = PBXBuildFile; fileRef = 1014E923532BCDC3B74C5A18 /* Pods_FFFTest.framework */; };
		8511D7061E3A038F00AEAF2B /* FFError.swift in Sources */ = {isa = PBXBuildFile; fileRef = 8511D7051E3A038F00AEAF2B /* FFError.swift */; };
		8511D7101E3A826A00AEAF2B /* Photos.swift in Sources */ = {isa = PBXBuildFile; fileRef = 8511D70F1E3A826A00AEAF2B /* Photos.swift */; };
		8511D7121E3A82C400AEAF2B /* Photos.InfoGetter.swift in Sources */ = {isa = PBXBuildFile; fileRef = 8511D7111E3A82C400AEAF2B /* Photos.InfoGetter.swift */; };
		8511D7141E3A851000AEAF2B /* FlickrPhotoDetails.swift in Sources */ = {isa = PBXBuildFile; fileRef = 8511D7131E3A851000AEAF2B /* FlickrPhotoDetails.swift */; };
		85345C6C1E38A89000729CC9 /* AppDelegate.swift in Sources */ = {isa = PBXBuildFile; fileRef = 85345C6B1E38A89000729CC9 /* AppDelegate.swift */; };
		85345C711E38A89000729CC9 /* Main.storyboard in Resources */ = {isa = PBXBuildFile; fileRef = 85345C6F1E38A89000729CC9 /* Main.storyboard */; };
		85345C731E38A89000729CC9 /* Assets.xcassets in Resources */ = {isa = PBXBuildFile; fileRef = 85345C721E38A89000729CC9 /* Assets.xcassets */; };
		85345C761E38A89000729CC9 /* LaunchScreen.storyboard in Resources */ = {isa = PBXBuildFile; fileRef = 85345C741E38A89000729CC9 /* LaunchScreen.storyboard */; };
		85345C811E38A89000729CC9 /* UserTests.swift in Sources */ = {isa = PBXBuildFile; fileRef = 85345C801E38A89000729CC9 /* UserTests.swift */; };
		85345C8C1E38A89000729CC9 /* FFFTestUITests.swift in Sources */ = {isa = PBXBuildFile; fileRef = 85345C8B1E38A89000729CC9 /* FFFTestUITests.swift */; };
		85345C9A1E38AAAD00729CC9 /* User.swift in Sources */ = {isa = PBXBuildFile; fileRef = 85345C991E38AAAD00729CC9 /* User.swift */; };
		85345CA21E38ACE400729CC9 /* Flickr.plist in Resources */ = {isa = PBXBuildFile; fileRef = 85345CA11E38ACE400729CC9 /* Flickr.plist */; };
		85345CA61E38AE4800729CC9 /* FlickrCredentials.swift in Sources */ = {isa = PBXBuildFile; fileRef = 85345CA51E38AE4800729CC9 /* FlickrCredentials.swift */; };
		85345CA81E38B0F800729CC9 /* Users.Searcher.swift in Sources */ = {isa = PBXBuildFile; fileRef = 85345CA71E38B0F800729CC9 /* Users.Searcher.swift */; };
		85345CAC1E38B3DD00729CC9 /* User.PublicPhotosGetter.swift in Sources */ = {isa = PBXBuildFile; fileRef = 85345CAB1E38B3DD00729CC9 /* User.PublicPhotosGetter.swift */; };
		85345CAE1E38B42300729CC9 /* Users.swift in Sources */ = {isa = PBXBuildFile; fileRef = 85345CAD1E38B42300729CC9 /* Users.swift */; };
		85345CBA1E38DD8600729CC9 /* Result.swift in Sources */ = {isa = PBXBuildFile; fileRef = 85345CB91E38DD8600729CC9 /* Result.swift */; };
		85345CBE1E38DE3900729CC9 /* Network.Caller.swift in Sources */ = {isa = PBXBuildFile; fileRef = 85345CBD1E38DE3900729CC9 /* Network.Caller.swift */; };
		85345CC01E38DEF100729CC9 /* ResponseValidator.swift in Sources */ = {isa = PBXBuildFile; fileRef = 85345CBF1E38DEF100729CC9 /* ResponseValidator.swift */; };
		85345CC21E38DF1A00729CC9 /* NetworkStatus.swift in Sources */ = {isa = PBXBuildFile; fileRef = 85345CC11E38DF1A00729CC9 /* NetworkStatus.swift */; };
		85345CC41E38E1CF00729CC9 /* ResponseHandler.swift in Sources */ = {isa = PBXBuildFile; fileRef = 85345CC31E38E1CF00729CC9 /* ResponseHandler.swift */; };
		85345CC61E38E34300729CC9 /* UrlRequestBuilder.swift in Sources */ = {isa = PBXBuildFile; fileRef = 85345CC51E38E34300729CC9 /* UrlRequestBuilder.swift */; };
		85345CC81E38E36400729CC9 /* HTTPMethod.swift in Sources */ = {isa = PBXBuildFile; fileRef = 85345CC71E38E36400729CC9 /* HTTPMethod.swift */; };
		85345CCA1E38E3B600729CC9 /* Typealias.swift in Sources */ = {isa = PBXBuildFile; fileRef = 85345CC91E38E3B600729CC9 /* Typealias.swift */; };
		85345CCD1E38E40200729CC9 /* URLRequest.swift in Sources */ = {isa = PBXBuildFile; fileRef = 85345CCC1E38E40200729CC9 /* URLRequest.swift */; };
		85345CD01E38E4DE00729CC9 /* HTTPGet.swift in Sources */ = {isa = PBXBuildFile; fileRef = 85345CCF1E38E4DE00729CC9 /* HTTPGet.swift */; };
		85345CD21E38E90000729CC9 /* DataToJSONConverter.swift in Sources */ = {isa = PBXBuildFile; fileRef = 85345CD11E38E90000729CC9 /* DataToJSONConverter.swift */; };
		85345CD41E38F51F00729CC9 /* RequestEncoding.swift in Sources */ = {isa = PBXBuildFile; fileRef = 85345CD31E38F51F00729CC9 /* RequestEncoding.swift */; };
		85345CD61E38FE4100729CC9 /* FlickerApiMethod.swift in Sources */ = {isa = PBXBuildFile; fileRef = 85345CD51E38FE4100729CC9 /* FlickerApiMethod.swift */; };
		85345CD81E39036900729CC9 /* FlickrPhoto.swift in Sources */ = {isa = PBXBuildFile; fileRef = 85345CD71E39036900729CC9 /* FlickrPhoto.swift */; };
		85345CDA1E3903D200729CC9 /* FlickrImageSize.swift in Sources */ = {isa = PBXBuildFile; fileRef = 85345CD91E3903D200729CC9 /* FlickrImageSize.swift */; };
		85478EEC1E3930BB000B0AC0 /* PhotoCell.swift in Sources */ = {isa = PBXBuildFile; fileRef = 85478EEB1E3930BB000B0AC0 /* PhotoCell.swift */; };
		85478EEF1E3937CC000B0AC0 /* ImageDetailViewController.swift in Sources */ = {isa = PBXBuildFile; fileRef = 85478EEE1E3937CC000B0AC0 /* ImageDetailViewController.swift */; };
		85478EF11E3937EC000B0AC0 /* ListViewController.swift in Sources */ = {isa = PBXBuildFile; fileRef = 85478EF01E3937EC000B0AC0 /* ListViewController.swift */; };
		85478EF31E395DC5000B0AC0 /* PhotoSet.swift in Sources */ = {isa = PBXBuildFile; fileRef = 85478EF21E395DC5000B0AC0 /* PhotoSet.swift */; };
		85478EF51E39642E000B0AC0 /* Nuke.framework in Frameworks */ = {isa = PBXBuildFile; fileRef = 85478EF41E39642E000B0AC0 /* Nuke.framework */; };
		85478EF71E3965F5000B0AC0 /* Reusable.swift in Sources */ = {isa = PBXBuildFile; fileRef = 85478EF61E3965F5000B0AC0 /* Reusable.swift */; };
		BA9AABFF2933EC9FE8CD53DE /* Pods_FFFTestUITests.framework in Frameworks */ = {isa = PBXBuildFile; fileRef = 2FD08917537F71D85D5AE926 /* Pods_FFFTestUITests.framework */; };
/* End PBXBuildFile section */

/* Begin PBXContainerItemProxy section */
		85345C7D1E38A89000729CC9 /* PBXContainerItemProxy */ = {
			isa = PBXContainerItemProxy;
			containerPortal = 85345C601E38A89000729CC9 /* Project object */;
			proxyType = 1;
			remoteGlobalIDString = 85345C671E38A89000729CC9;
			remoteInfo = FFFTest;
		};
		85345C881E38A89000729CC9 /* PBXContainerItemProxy */ = {
			isa = PBXContainerItemProxy;
			containerPortal = 85345C601E38A89000729CC9 /* Project object */;
			proxyType = 1;
			remoteGlobalIDString = 85345C671E38A89000729CC9;
			remoteInfo = FFFTest;
		};
/* End PBXContainerItemProxy section */

/* Begin PBXFileReference section */
		1014E923532BCDC3B74C5A18 /* Pods_FFFTest.framework */ = {isa = PBXFileReference; explicitFileType = wrapper.framework; includeInIndex = 0; path = Pods_FFFTest.framework; sourceTree = BUILT_PRODUCTS_DIR; };
		1E58A70433DA08BD87DD53C3 /* Pods-FFFTest.debug.xcconfig */ = {isa = PBXFileReference; includeInIndex = 1; lastKnownFileType = text.xcconfig; name = "Pods-FFFTest.debug.xcconfig"; path = "Pods/Target Support Files/Pods-FFFTest/Pods-FFFTest.debug.xcconfig"; sourceTree = "<group>"; };
		218E86A5433EC637275FB179 /* Pods-FFFTestUITests.release.xcconfig */ = {isa = PBXFileReference; includeInIndex = 1; lastKnownFileType = text.xcconfig; name = "Pods-FFFTestUITests.release.xcconfig"; path = "Pods/Target Support Files/Pods-FFFTestUITests/Pods-FFFTestUITests.release.xcconfig"; sourceTree = "<group>"; };
		2FD08917537F71D85D5AE926 /* Pods_FFFTestUITests.framework */ = {isa = PBXFileReference; explicitFileType = wrapper.framework; includeInIndex = 0; path = Pods_FFFTestUITests.framework; sourceTree = BUILT_PRODUCTS_DIR; };
		5B015B367FDB01C23058A2BC /* Pods-FFFTestUITests.debug.xcconfig */ = {isa = PBXFileReference; includeInIndex = 1; lastKnownFileType = text.xcconfig; name = "Pods-FFFTestUITests.debug.xcconfig"; path = "Pods/Target Support Files/Pods-FFFTestUITests/Pods-FFFTestUITests.debug.xcconfig"; sourceTree = "<group>"; };
		65935221E3A77C4272314150 /* Pods-FFFTestTests.release.xcconfig */ = {isa = PBXFileReference; includeInIndex = 1; lastKnownFileType = text.xcconfig; name = "Pods-FFFTestTests.release.xcconfig"; path = "Pods/Target Support Files/Pods-FFFTestTests/Pods-FFFTestTests.release.xcconfig"; sourceTree = "<group>"; };
		8511D7051E3A038F00AEAF2B /* FFError.swift */ = {isa = PBXFileReference; fileEncoding = 4; lastKnownFileType = sourcecode.swift; name = FFError.swift; path = Usecases/Users/FFError.swift; sourceTree = "<group>"; };
		8511D70F1E3A826A00AEAF2B /* Photos.swift */ = {isa = PBXFileReference; fileEncoding = 4; lastKnownFileType = sourcecode.swift; name = Photos.swift; path = Usecases/Photos/Photos.swift; sourceTree = "<group>"; };
		8511D7111E3A82C400AEAF2B /* Photos.InfoGetter.swift */ = {isa = PBXFileReference; fileEncoding = 4; lastKnownFileType = sourcecode.swift; name = Photos.InfoGetter.swift; path = Usecases/Photos/Photos.InfoGetter.swift; sourceTree = "<group>"; };
		8511D7131E3A851000AEAF2B /* FlickrPhotoDetails.swift */ = {isa = PBXFileReference; fileEncoding = 4; lastKnownFileType = sourcecode.swift; name = FlickrPhotoDetails.swift; path = Models/FlickrPhotoDetails.swift; sourceTree = "<group>"; };
		85345C681E38A89000729CC9 /* FFFTest.app */ = {isa = PBXFileReference; explicitFileType = wrapper.application; includeInIndex = 0; path = FFFTest.app; sourceTree = BUILT_PRODUCTS_DIR; };
		85345C6B1E38A89000729CC9 /* AppDelegate.swift */ = {isa = PBXFileReference; lastKnownFileType = sourcecode.swift; path = AppDelegate.swift; sourceTree = "<group>"; };
		85345C701E38A89000729CC9 /* Base */ = {isa = PBXFileReference; lastKnownFileType = file.storyboard; name = Base; path = Base.lproj/Main.storyboard; sourceTree = "<group>"; };
		85345C721E38A89000729CC9 /* Assets.xcassets */ = {isa = PBXFileReference; lastKnownFileType = folder.assetcatalog; path = Assets.xcassets; sourceTree = "<group>"; };
		85345C751E38A89000729CC9 /* Base */ = {isa = PBXFileReference; lastKnownFileType = file.storyboard; name = Base; path = Base.lproj/LaunchScreen.storyboard; sourceTree = "<group>"; };
		85345C7C1E38A89000729CC9 /* FFFTestTests.xctest */ = {isa = PBXFileReference; explicitFileType = wrapper.cfbundle; includeInIndex = 0; path = FFFTestTests.xctest; sourceTree = BUILT_PRODUCTS_DIR; };
		85345C801E38A89000729CC9 /* UserTests.swift */ = {isa = PBXFileReference; lastKnownFileType = sourcecode.swift; path = UserTests.swift; sourceTree = "<group>"; };
		85345C821E38A89000729CC9 /* Info.plist */ = {isa = PBXFileReference; lastKnownFileType = text.plist.xml; path = Info.plist; sourceTree = "<group>"; };
		85345C871E38A89000729CC9 /* FFFTestUITests.xctest */ = {isa = PBXFileReference; explicitFileType = wrapper.cfbundle; includeInIndex = 0; path = FFFTestUITests.xctest; sourceTree = BUILT_PRODUCTS_DIR; };
		85345C8B1E38A89000729CC9 /* FFFTestUITests.swift */ = {isa = PBXFileReference; lastKnownFileType = sourcecode.swift; path = FFFTestUITests.swift; sourceTree = "<group>"; };
		85345C8D1E38A89000729CC9 /* Info.plist */ = {isa = PBXFileReference; lastKnownFileType = text.plist.xml; path = Info.plist; sourceTree = "<group>"; };
		85345C991E38AAAD00729CC9 /* User.swift */ = {isa = PBXFileReference; fileEncoding = 4; lastKnownFileType = sourcecode.swift; name = User.swift; path = Models/User.swift; sourceTree = "<group>"; };
		85345CA11E38ACE400729CC9 /* Flickr.plist */ = {isa = PBXFileReference; fileEncoding = 4; lastKnownFileType = text.plist.xml; name = Flickr.plist; path = Configuration/Flickr.plist; sourceTree = "<group>"; };
		85345CA31E38AD0000729CC9 /* Info.plist */ = {isa = PBXFileReference; fileEncoding = 4; lastKnownFileType = text.plist.xml; name = Info.plist; path = Configuration/Info.plist; sourceTree = "<group>"; };
		85345CA51E38AE4800729CC9 /* FlickrCredentials.swift */ = {isa = PBXFileReference; fileEncoding = 4; lastKnownFileType = sourcecode.swift; name = FlickrCredentials.swift; path = Models/FlickrCredentials.swift; sourceTree = "<group>"; };
		85345CA71E38B0F800729CC9 /* Users.Searcher.swift */ = {isa = PBXFileReference; fileEncoding = 4; lastKnownFileType = sourcecode.swift; name = Users.Searcher.swift; path = Usecases/Users.Searcher.swift; sourceTree = "<group>"; };
		85345CAB1E38B3DD00729CC9 /* User.PublicPhotosGetter.swift */ = {isa = PBXFileReference; fileEncoding = 4; lastKnownFileType = sourcecode.swift; name = User.PublicPhotosGetter.swift; path = Usecases/User.PublicPhotosGetter.swift; sourceTree = "<group>"; };
		85345CAD1E38B42300729CC9 /* Users.swift */ = {isa = PBXFileReference; fileEncoding = 4; lastKnownFileType = sourcecode.swift; name = Users.swift; path = Usecases/Users/Users.swift; sourceTree = "<group>"; };
		85345CB91E38DD8600729CC9 /* Result.swift */ = {isa = PBXFileReference; fileEncoding = 4; lastKnownFileType = sourcecode.swift; name = Result.swift; path = Models/Result.swift; sourceTree = "<group>"; };
		85345CBD1E38DE3900729CC9 /* Network.Caller.swift */ = {isa = PBXFileReference; fileEncoding = 4; lastKnownFileType = sourcecode.swift; name = Network.Caller.swift; path = Usecases/Network/Network.Caller.swift; sourceTree = "<group>"; };
		85345CBF1E38DEF100729CC9 /* ResponseValidator.swift */ = {isa = PBXFileReference; fileEncoding = 4; lastKnownFileType = sourcecode.swift; name = ResponseValidator.swift; path = Usecases/Network/ResponseValidator.swift; sourceTree = "<group>"; };
		85345CC11E38DF1A00729CC9 /* NetworkStatus.swift */ = {isa = PBXFileReference; fileEncoding = 4; lastKnownFileType = sourcecode.swift; name = NetworkStatus.swift; path = Usecases/Network/NetworkStatus.swift; sourceTree = "<group>"; };
		85345CC31E38E1CF00729CC9 /* ResponseHandler.swift */ = {isa = PBXFileReference; fileEncoding = 4; lastKnownFileType = sourcecode.swift; name = ResponseHandler.swift; path = Usecases/Network/ResponseHandler.swift; sourceTree = "<group>"; };
		85345CC51E38E34300729CC9 /* UrlRequestBuilder.swift */ = {isa = PBXFileReference; fileEncoding = 4; lastKnownFileType = sourcecode.swift; name = UrlRequestBuilder.swift; path = Usecases/Network/UrlRequestBuilder.swift; sourceTree = "<group>"; };
		85345CC71E38E36400729CC9 /* HTTPMethod.swift */ = {isa = PBXFileReference; fileEncoding = 4; lastKnownFileType = sourcecode.swift; name = HTTPMethod.swift; path = Usecases/Network/HTTPMethod.swift; sourceTree = "<group>"; };
		85345CC91E38E3B600729CC9 /* Typealias.swift */ = {isa = PBXFileReference; fileEncoding = 4; lastKnownFileType = sourcecode.swift; name = Typealias.swift; path = Usecases/Network/Typealias.swift; sourceTree = "<group>"; };
		85345CCC1E38E40200729CC9 /* URLRequest.swift */ = {isa = PBXFileReference; fileEncoding = 4; lastKnownFileType = sourcecode.swift; name = URLRequest.swift; path = Extensions/URLRequest.swift; sourceTree = "<group>"; };
		85345CCF1E38E4DE00729CC9 /* HTTPGet.swift */ = {isa = PBXFileReference; fileEncoding = 4; lastKnownFileType = sourcecode.swift; name = HTTPGet.swift; path = Usecases/Network/HTTPMethods/HTTPGet.swift; sourceTree = "<group>"; };
		85345CD11E38E90000729CC9 /* DataToJSONConverter.swift */ = {isa = PBXFileReference; fileEncoding = 4; lastKnownFileType = sourcecode.swift; name = DataToJSONConverter.swift; path = Usecases/Network/DataToJSONConverter.swift; sourceTree = "<group>"; };
		85345CD31E38F51F00729CC9 /* RequestEncoding.swift */ = {isa = PBXFileReference; fileEncoding = 4; lastKnownFileType = sourcecode.swift; name = RequestEncoding.swift; path = Usecases/Network/RequestEncoding.swift; sourceTree = "<group>"; };
		85345CD51E38FE4100729CC9 /* FlickerApiMethod.swift */ = {isa = PBXFileReference; fileEncoding = 4; lastKnownFileType = sourcecode.swift; name = FlickerApiMethod.swift; path = Models/FlickerApiMethod.swift; sourceTree = "<group>"; };
		85345CD71E39036900729CC9 /* FlickrPhoto.swift */ = {isa = PBXFileReference; fileEncoding = 4; lastKnownFileType = sourcecode.swift; name = FlickrPhoto.swift; path = Models/FlickrPhoto.swift; sourceTree = "<group>"; };
		85345CD91E3903D200729CC9 /* FlickrImageSize.swift */ = {isa = PBXFileReference; fileEncoding = 4; lastKnownFileType = sourcecode.swift; name = FlickrImageSize.swift; path = Models/FlickrImageSize.swift; sourceTree = "<group>"; };
		85478EEB1E3930BB000B0AC0 /* PhotoCell.swift */ = {isa = PBXFileReference; fileEncoding = 4; lastKnownFileType = sourcecode.swift; name = PhotoCell.swift; path = Views/Cells/PhotoCell.swift; sourceTree = "<group>"; };
		85478EEE1E3937CC000B0AC0 /* ImageDetailViewController.swift */ = {isa = PBXFileReference; fileEncoding = 4; lastKnownFileType = sourcecode.swift; name = ImageDetailViewController.swift; path = ViewControllers/ImageDetailViewController.swift; sourceTree = "<group>"; };
		85478EF01E3937EC000B0AC0 /* ListViewController.swift */ = {isa = PBXFileReference; fileEncoding = 4; lastKnownFileType = sourcecode.swift; name = ListViewController.swift; path = ViewControllers/ListViewController.swift; sourceTree = "<group>"; };
		85478EF21E395DC5000B0AC0 /* PhotoSet.swift */ = {isa = PBXFileReference; fileEncoding = 4; lastKnownFileType = sourcecode.swift; name = PhotoSet.swift; path = Models/PhotoSet.swift; sourceTree = "<group>"; };
		85478EF41E39642E000B0AC0 /* Nuke.framework */ = {isa = PBXFileReference; lastKnownFileType = wrapper.framework; name = Nuke.framework; path = "Pods/../build/Debug-iphoneos/Nuke/Nuke.framework"; sourceTree = "<group>"; };
		85478EF61E3965F5000B0AC0 /* Reusable.swift */ = {isa = PBXFileReference; fileEncoding = 4; lastKnownFileType = sourcecode.swift; name = Reusable.swift; path = Models/Reusable.swift; sourceTree = "<group>"; };
		88DAD57BBCB160377C683D45 /* Pods-FFFTestTests.debug.xcconfig */ = {isa = PBXFileReference; includeInIndex = 1; lastKnownFileType = text.xcconfig; name = "Pods-FFFTestTests.debug.xcconfig"; path = "Pods/Target Support Files/Pods-FFFTestTests/Pods-FFFTestTests.debug.xcconfig"; sourceTree = "<group>"; };
		AF19D50862D7E98ABAE8ED49 /* Pods_FFFTestTests.framework */ = {isa = PBXFileReference; explicitFileType = wrapper.framework; includeInIndex = 0; path = Pods_FFFTestTests.framework; sourceTree = BUILT_PRODUCTS_DIR; };
		DA4D3E7CB938C7E29D8D3DD0 /* Pods-FFFTest.release.xcconfig */ = {isa = PBXFileReference; includeInIndex = 1; lastKnownFileType = text.xcconfig; name = "Pods-FFFTest.release.xcconfig"; path = "Pods/Target Support Files/Pods-FFFTest/Pods-FFFTest.release.xcconfig"; sourceTree = "<group>"; };
/* End PBXFileReference section */

/* Begin PBXFrameworksBuildPhase section */
		85345C651E38A89000729CC9 /* Frameworks */ = {
			isa = PBXFrameworksBuildPhase;
			buildActionMask = 2147483647;
			files = (
				85478EF51E39642E000B0AC0 /* Nuke.framework in Frameworks */,
				80BD2CD777F089A6A6E7C87F /* Pods_FFFTest.framework in Frameworks */,
			);
			runOnlyForDeploymentPostprocessing = 0;
		};
		85345C791E38A89000729CC9 /* Frameworks */ = {
			isa = PBXFrameworksBuildPhase;
			buildActionMask = 2147483647;
			files = (
				24E742E76776B84BB62565AC /* Pods_FFFTestTests.framework in Frameworks */,
			);
			runOnlyForDeploymentPostprocessing = 0;
		};
		85345C841E38A89000729CC9 /* Frameworks */ = {
			isa = PBXFrameworksBuildPhase;
			buildActionMask = 2147483647;
			files = (
				BA9AABFF2933EC9FE8CD53DE /* Pods_FFFTestUITests.framework in Frameworks */,
			);
			runOnlyForDeploymentPostprocessing = 0;
		};
/* End PBXFrameworksBuildPhase section */

/* Begin PBXGroup section */
		415BCA380A9122B2F4580396 /* Pods */ = {
			isa = PBXGroup;
			children = (
				1E58A70433DA08BD87DD53C3 /* Pods-FFFTest.debug.xcconfig */,
				DA4D3E7CB938C7E29D8D3DD0 /* Pods-FFFTest.release.xcconfig */,
				88DAD57BBCB160377C683D45 /* Pods-FFFTestTests.debug.xcconfig */,
				65935221E3A77C4272314150 /* Pods-FFFTestTests.release.xcconfig */,
				5B015B367FDB01C23058A2BC /* Pods-FFFTestUITests.debug.xcconfig */,
				218E86A5433EC637275FB179 /* Pods-FFFTestUITests.release.xcconfig */,
			);
			name = Pods;
			sourceTree = "<group>";
		};
		7EC51AA39810ACF36AC27CA8 /* Frameworks */ = {
			isa = PBXGroup;
			children = (
				85478EF41E39642E000B0AC0 /* Nuke.framework */,
				1014E923532BCDC3B74C5A18 /* Pods_FFFTest.framework */,
				AF19D50862D7E98ABAE8ED49 /* Pods_FFFTestTests.framework */,
				2FD08917537F71D85D5AE926 /* Pods_FFFTestUITests.framework */,
			);
			name = Frameworks;
			sourceTree = "<group>";
		};
		85345C5F1E38A89000729CC9 = {
			isa = PBXGroup;
			children = (
				85345C6A1E38A89000729CC9 /* FFFTest */,
				85345C7F1E38A89000729CC9 /* FFFTestTests */,
				85345C8A1E38A89000729CC9 /* FFFTestUITests */,
				85345C691E38A89000729CC9 /* Products */,
				415BCA380A9122B2F4580396 /* Pods */,
				7EC51AA39810ACF36AC27CA8 /* Frameworks */,
			);
			sourceTree = "<group>";
		};
		85345C691E38A89000729CC9 /* Products */ = {
			isa = PBXGroup;
			children = (
				85345C681E38A89000729CC9 /* FFFTest.app */,
				85345C7C1E38A89000729CC9 /* FFFTestTests.xctest */,
				85345C871E38A89000729CC9 /* FFFTestUITests.xctest */,
			);
			name = Products;
			sourceTree = "<group>";
		};
		85345C6A1E38A89000729CC9 /* FFFTest */ = {
			isa = PBXGroup;
			children = (
				85478EED1E393786000B0AC0 /* ViewControllers */,
				85345C9E1E38AAEB00729CC9 /* Configuration */,
				85345CCB1E38E3E100729CC9 /* Extensions */,
				85345C9C1E38AAC900729CC9 /* Models */,
				85345C9D1E38AAD800729CC9 /* Usecases */,
				85478EE71E393044000B0AC0 /* Views */,
				85345C6B1E38A89000729CC9 /* AppDelegate.swift */,
				85345C741E38A89000729CC9 /* LaunchScreen.storyboard */,
				85345C6F1E38A89000729CC9 /* Main.storyboard */,
				85345C721E38A89000729CC9 /* Assets.xcassets */,
			);
			path = FFFTest;
			sourceTree = "<group>";
		};
		85345C7F1E38A89000729CC9 /* FFFTestTests */ = {
			isa = PBXGroup;
			children = (
				85345C801E38A89000729CC9 /* UserTests.swift */,
				85345C821E38A89000729CC9 /* Info.plist */,
			);
			path = FFFTestTests;
			sourceTree = "<group>";
		};
		85345C8A1E38A89000729CC9 /* FFFTestUITests */ = {
			isa = PBXGroup;
			children = (
				85345C8B1E38A89000729CC9 /* FFFTestUITests.swift */,
				85345C8D1E38A89000729CC9 /* Info.plist */,
			);
			path = FFFTestUITests;
			sourceTree = "<group>";
		};
		85345C9C1E38AAC900729CC9 /* Models */ = {
			isa = PBXGroup;
			children = (
				8511D7051E3A038F00AEAF2B /* FFError.swift */,
				85345CD51E38FE4100729CC9 /* FlickerApiMethod.swift */,
				85345CA51E38AE4800729CC9 /* FlickrCredentials.swift */,
				85345CD91E3903D200729CC9 /* FlickrImageSize.swift */,
				8511D7131E3A851000AEAF2B /* FlickrPhotoDetails.swift */,
				85345CD71E39036900729CC9 /* FlickrPhoto.swift */,
				85478EF21E395DC5000B0AC0 /* PhotoSet.swift */,
				85345CB91E38DD8600729CC9 /* Result.swift */,
				85478EF61E3965F5000B0AC0 /* Reusable.swift */,
				85345C991E38AAAD00729CC9 /* User.swift */,
			);
			name = Models;
			sourceTree = "<group>";
		};
		85345C9D1E38AAD800729CC9 /* Usecases */ = {
			isa = PBXGroup;
			children = (
				85345CAF1E38B49700729CC9 /* Network */,
				85345CAA1E38B36F00729CC9 /* Photos */,
				85345CA91E38B21300729CC9 /* Users */,
			);
			name = Usecases;
			sourceTree = "<group>";
		};
		85345C9E1E38AAEB00729CC9 /* Configuration */ = {
			isa = PBXGroup;
			children = (
				85345CA31E38AD0000729CC9 /* Info.plist */,
				85345CA11E38ACE400729CC9 /* Flickr.plist */,
			);
			name = Configuration;
			sourceTree = "<group>";
		};
		85345CA91E38B21300729CC9 /* Users */ = {
			isa = PBXGroup;
			children = (
				85345CAD1E38B42300729CC9 /* Users.swift */,
				85345CA71E38B0F800729CC9 /* Users.Searcher.swift */,
				85345CAB1E38B3DD00729CC9 /* User.PublicPhotosGetter.swift */,
			);
			name = Users;
			sourceTree = "<group>";
		};
		85345CAA1E38B36F00729CC9 /* Photos */ = {
			isa = PBXGroup;
			children = (
				8511D70F1E3A826A00AEAF2B /* Photos.swift */,
				8511D7111E3A82C400AEAF2B /* Photos.InfoGetter.swift */,
			);
			name = Photos;
			sourceTree = "<group>";
		};
		85345CAF1E38B49700729CC9 /* Network */ = {
			isa = PBXGroup;
			children = (
				85345CCE1E38E4C600729CC9 /* HTTPMethods */,
				85345CBD1E38DE3900729CC9 /* Network.Caller.swift */,
				85345CBF1E38DEF100729CC9 /* ResponseValidator.swift */,
				85345CC11E38DF1A00729CC9 /* NetworkStatus.swift */,
				85345CC31E38E1CF00729CC9 /* ResponseHandler.swift */,
				85345CC51E38E34300729CC9 /* UrlRequestBuilder.swift */,
				85345CC71E38E36400729CC9 /* HTTPMethod.swift */,
				85345CC91E38E3B600729CC9 /* Typealias.swift */,
				85345CD11E38E90000729CC9 /* DataToJSONConverter.swift */,
				85345CD31E38F51F00729CC9 /* RequestEncoding.swift */,
			);
			name = Network;
			sourceTree = "<group>";
		};
		85345CCB1E38E3E100729CC9 /* Extensions */ = {
			isa = PBXGroup;
			children = (
				85345CCC1E38E40200729CC9 /* URLRequest.swift */,
			);
			name = Extensions;
			sourceTree = "<group>";
		};
		85345CCE1E38E4C600729CC9 /* HTTPMethods */ = {
			isa = PBXGroup;
			children = (
				85345CCF1E38E4DE00729CC9 /* HTTPGet.swift */,
			);
			name = HTTPMethods;
			sourceTree = "<group>";
		};
		85478EE71E393044000B0AC0 /* Views */ = {
			isa = PBXGroup;
			children = (
				85478EE81E393061000B0AC0 /* Cells */,
			);
			name = Views;
			sourceTree = "<group>";
		};
		85478EE81E393061000B0AC0 /* Cells */ = {
			isa = PBXGroup;
			children = (
				85478EEB1E3930BB000B0AC0 /* PhotoCell.swift */,
			);
			name = Cells;
			sourceTree = "<group>";
		};
		85478EED1E393786000B0AC0 /* ViewControllers */ = {
			isa = PBXGroup;
			children = (
				85478EF01E3937EC000B0AC0 /* ListViewController.swift */,
				85478EEE1E3937CC000B0AC0 /* ImageDetailViewController.swift */,
			);
			name = ViewControllers;
			sourceTree = "<group>";
		};
/* End PBXGroup section */

/* Begin PBXNativeTarget section */
		85345C671E38A89000729CC9 /* FFFTest */ = {
			isa = PBXNativeTarget;
			buildConfigurationList = 85345C901E38A89000729CC9 /* Build configuration list for PBXNativeTarget "FFFTest" */;
			buildPhases = (
				CDB4183B30227B16FA1479D1 /* [CP] Check Pods Manifest.lock */,
				85345C641E38A89000729CC9 /* Sources */,
				85345C651E38A89000729CC9 /* Frameworks */,
				85345C661E38A89000729CC9 /* Resources */,
				343D99176079622864744114 /* [CP] Embed Pods Frameworks */,
				2ABD86354B7699229FAB8C22 /* [CP] Copy Pods Resources */,
			);
			buildRules = (
			);
			dependencies = (
			);
			name = FFFTest;
			productName = FFFTest;
			productReference = 85345C681E38A89000729CC9 /* FFFTest.app */;
			productType = "com.apple.product-type.application";
		};
		85345C7B1E38A89000729CC9 /* FFFTestTests */ = {
			isa = PBXNativeTarget;
			buildConfigurationList = 85345C931E38A89000729CC9 /* Build configuration list for PBXNativeTarget "FFFTestTests" */;
			buildPhases = (
				95F3B8B4FEAA60CC1E0D63E2 /* [CP] Check Pods Manifest.lock */,
				85345C781E38A89000729CC9 /* Sources */,
				85345C791E38A89000729CC9 /* Frameworks */,
				85345C7A1E38A89000729CC9 /* Resources */,
				E8A2637625DBE87FB34CE07A /* [CP] Embed Pods Frameworks */,
				8306C935A63539FDA6BDC485 /* [CP] Copy Pods Resources */,
			);
			buildRules = (
			);
			dependencies = (
				85345C7E1E38A89000729CC9 /* PBXTargetDependency */,
			);
			name = FFFTestTests;
			productName = FFFTestTests;
			productReference = 85345C7C1E38A89000729CC9 /* FFFTestTests.xctest */;
			productType = "com.apple.product-type.bundle.unit-test";
		};
		85345C861E38A89000729CC9 /* FFFTestUITests */ = {
			isa = PBXNativeTarget;
			buildConfigurationList = 85345C961E38A89000729CC9 /* Build configuration list for PBXNativeTarget "FFFTestUITests" */;
			buildPhases = (
				64E7FBD5BF8195950D15A426 /* [CP] Check Pods Manifest.lock */,
				85345C831E38A89000729CC9 /* Sources */,
				85345C841E38A89000729CC9 /* Frameworks */,
				85345C851E38A89000729CC9 /* Resources */,
				028529F3D2351874485F12F0 /* [CP] Embed Pods Frameworks */,
				3D9306CAA1B4A82AF0F55BB9 /* [CP] Copy Pods Resources */,
			);
			buildRules = (
			);
			dependencies = (
				85345C891E38A89000729CC9 /* PBXTargetDependency */,
			);
			name = FFFTestUITests;
			productName = FFFTestUITests;
			productReference = 85345C871E38A89000729CC9 /* FFFTestUITests.xctest */;
			productType = "com.apple.product-type.bundle.ui-testing";
		};
/* End PBXNativeTarget section */

/* Begin PBXProject section */
		85345C601E38A89000729CC9 /* Project object */ = {
			isa = PBXProject;
			attributes = {
				LastSwiftUpdateCheck = 0820;
				LastUpgradeCheck = 0820;
				ORGANIZATIONNAME = "Nuno Gonçalves";
				TargetAttributes = {
					85345C671E38A89000729CC9 = {
						CreatedOnToolsVersion = 8.2;
						DevelopmentTeam = 9D23XSN84S;
						ProvisioningStyle = Automatic;
					};
					85345C7B1E38A89000729CC9 = {
						CreatedOnToolsVersion = 8.2;
						ProvisioningStyle = Automatic;
						TestTargetID = 85345C671E38A89000729CC9;
					};
					85345C861E38A89000729CC9 = {
						CreatedOnToolsVersion = 8.2;
						ProvisioningStyle = Automatic;
						TestTargetID = 85345C671E38A89000729CC9;
					};
				};
			};
			buildConfigurationList = 85345C631E38A89000729CC9 /* Build configuration list for PBXProject "FFFTest" */;
			compatibilityVersion = "Xcode 3.2";
			developmentRegion = English;
			hasScannedForEncodings = 0;
			knownRegions = (
				en,
				Base,
			);
			mainGroup = 85345C5F1E38A89000729CC9;
			productRefGroup = 85345C691E38A89000729CC9 /* Products */;
			projectDirPath = "";
			projectRoot = "";
			targets = (
				85345C671E38A89000729CC9 /* FFFTest */,
				85345C7B1E38A89000729CC9 /* FFFTestTests */,
				85345C861E38A89000729CC9 /* FFFTestUITests */,
			);
		};
/* End PBXProject section */

/* Begin PBXResourcesBuildPhase section */
		85345C661E38A89000729CC9 /* Resources */ = {
			isa = PBXResourcesBuildPhase;
			buildActionMask = 2147483647;
			files = (
				85345C761E38A89000729CC9 /* LaunchScreen.storyboard in Resources */,
				85345CA21E38ACE400729CC9 /* Flickr.plist in Resources */,
				85345C731E38A89000729CC9 /* Assets.xcassets in Resources */,
				85345C711E38A89000729CC9 /* Main.storyboard in Resources */,
			);
			runOnlyForDeploymentPostprocessing = 0;
		};
		85345C7A1E38A89000729CC9 /* Resources */ = {
			isa = PBXResourcesBuildPhase;
			buildActionMask = 2147483647;
			files = (
			);
			runOnlyForDeploymentPostprocessing = 0;
		};
		85345C851E38A89000729CC9 /* Resources */ = {
			isa = PBXResourcesBuildPhase;
			buildActionMask = 2147483647;
			files = (
			);
			runOnlyForDeploymentPostprocessing = 0;
		};
/* End PBXResourcesBuildPhase section */

/* Begin PBXShellScriptBuildPhase section */
		028529F3D2351874485F12F0 /* [CP] Embed Pods Frameworks */ = {
			isa = PBXShellScriptBuildPhase;
			buildActionMask = 2147483647;
			files = (
			);
			inputPaths = (
			);
			name = "[CP] Embed Pods Frameworks";
			outputPaths = (
			);
			runOnlyForDeploymentPostprocessing = 0;
			shellPath = /bin/sh;
			shellScript = "\"${SRCROOT}/Pods/Target Support Files/Pods-FFFTestUITests/Pods-FFFTestUITests-frameworks.sh\"\n";
			showEnvVarsInLog = 0;
		};
		2ABD86354B7699229FAB8C22 /* [CP] Copy Pods Resources */ = {
			isa = PBXShellScriptBuildPhase;
			buildActionMask = 2147483647;
			files = (
			);
			inputPaths = (
			);
			name = "[CP] Copy Pods Resources";
			outputPaths = (
			);
			runOnlyForDeploymentPostprocessing = 0;
			shellPath = /bin/sh;
			shellScript = "\"${SRCROOT}/Pods/Target Support Files/Pods-FFFTest/Pods-FFFTest-resources.sh\"\n";
			showEnvVarsInLog = 0;
		};
		343D99176079622864744114 /* [CP] Embed Pods Frameworks */ = {
			isa = PBXShellScriptBuildPhase;
			buildActionMask = 2147483647;
			files = (
			);
			inputPaths = (
			);
			name = "[CP] Embed Pods Frameworks";
			outputPaths = (
			);
			runOnlyForDeploymentPostprocessing = 0;
			shellPath = /bin/sh;
			shellScript = "\"${SRCROOT}/Pods/Target Support Files/Pods-FFFTest/Pods-FFFTest-frameworks.sh\"\n";
			showEnvVarsInLog = 0;
		};
		3D9306CAA1B4A82AF0F55BB9 /* [CP] Copy Pods Resources */ = {
			isa = PBXShellScriptBuildPhase;
			buildActionMask = 2147483647;
			files = (
			);
			inputPaths = (
			);
			name = "[CP] Copy Pods Resources";
			outputPaths = (
			);
			runOnlyForDeploymentPostprocessing = 0;
			shellPath = /bin/sh;
			shellScript = "\"${SRCROOT}/Pods/Target Support Files/Pods-FFFTestUITests/Pods-FFFTestUITests-resources.sh\"\n";
			showEnvVarsInLog = 0;
		};
		64E7FBD5BF8195950D15A426 /* [CP] Check Pods Manifest.lock */ = {
			isa = PBXShellScriptBuildPhase;
			buildActionMask = 2147483647;
			files = (
			);
			inputPaths = (
			);
			name = "[CP] Check Pods Manifest.lock";
			outputPaths = (
			);
			runOnlyForDeploymentPostprocessing = 0;
			shellPath = /bin/sh;
			shellScript = "diff \"${PODS_ROOT}/../Podfile.lock\" \"${PODS_ROOT}/Manifest.lock\" > /dev/null\nif [ $? != 0 ] ; then\n    # print error to STDERR\n    echo \"error: The sandbox is not in sync with the Podfile.lock. Run 'pod install' or update your CocoaPods installation.\" >&2\n    exit 1\nfi\n";
			showEnvVarsInLog = 0;
		};
		8306C935A63539FDA6BDC485 /* [CP] Copy Pods Resources */ = {
			isa = PBXShellScriptBuildPhase;
			buildActionMask = 2147483647;
			files = (
			);
			inputPaths = (
			);
			name = "[CP] Copy Pods Resources";
			outputPaths = (
			);
			runOnlyForDeploymentPostprocessing = 0;
			shellPath = /bin/sh;
			shellScript = "\"${SRCROOT}/Pods/Target Support Files/Pods-FFFTestTests/Pods-FFFTestTests-resources.sh\"\n";
			showEnvVarsInLog = 0;
		};
		95F3B8B4FEAA60CC1E0D63E2 /* [CP] Check Pods Manifest.lock */ = {
			isa = PBXShellScriptBuildPhase;
			buildActionMask = 2147483647;
			files = (
			);
			inputPaths = (
			);
			name = "[CP] Check Pods Manifest.lock";
			outputPaths = (
			);
			runOnlyForDeploymentPostprocessing = 0;
			shellPath = /bin/sh;
			shellScript = "diff \"${PODS_ROOT}/../Podfile.lock\" \"${PODS_ROOT}/Manifest.lock\" > /dev/null\nif [ $? != 0 ] ; then\n    # print error to STDERR\n    echo \"error: The sandbox is not in sync with the Podfile.lock. Run 'pod install' or update your CocoaPods installation.\" >&2\n    exit 1\nfi\n";
			showEnvVarsInLog = 0;
		};
		CDB4183B30227B16FA1479D1 /* [CP] Check Pods Manifest.lock */ = {
			isa = PBXShellScriptBuildPhase;
			buildActionMask = 2147483647;
			files = (
			);
			inputPaths = (
			);
			name = "[CP] Check Pods Manifest.lock";
			outputPaths = (
			);
			runOnlyForDeploymentPostprocessing = 0;
			shellPath = /bin/sh;
			shellScript = "diff \"${PODS_ROOT}/../Podfile.lock\" \"${PODS_ROOT}/Manifest.lock\" > /dev/null\nif [ $? != 0 ] ; then\n    # print error to STDERR\n    echo \"error: The sandbox is not in sync with the Podfile.lock. Run 'pod install' or update your CocoaPods installation.\" >&2\n    exit 1\nfi\n";
			showEnvVarsInLog = 0;
		};
		E8A2637625DBE87FB34CE07A /* [CP] Embed Pods Frameworks */ = {
			isa = PBXShellScriptBuildPhase;
			buildActionMask = 2147483647;
			files = (
			);
			inputPaths = (
			);
			name = "[CP] Embed Pods Frameworks";
			outputPaths = (
			);
			runOnlyForDeploymentPostprocessing = 0;
			shellPath = /bin/sh;
			shellScript = "\"${SRCROOT}/Pods/Target Support Files/Pods-FFFTestTests/Pods-FFFTestTests-frameworks.sh\"\n";
			showEnvVarsInLog = 0;
		};
/* End PBXShellScriptBuildPhase section */

/* Begin PBXSourcesBuildPhase section */
		85345C641E38A89000729CC9 /* Sources */ = {
			isa = PBXSourcesBuildPhase;
			buildActionMask = 2147483647;
			files = (
				85345CBA1E38DD8600729CC9 /* Result.swift in Sources */,
				85345CC81E38E36400729CC9 /* HTTPMethod.swift in Sources */,
				85345CC41E38E1CF00729CC9 /* ResponseHandler.swift in Sources */,
				85478EEC1E3930BB000B0AC0 /* PhotoCell.swift in Sources */,
				85345CD81E39036900729CC9 /* FlickrPhoto.swift in Sources */,
				85345CCA1E38E3B600729CC9 /* Typealias.swift in Sources */,
				85478EF71E3965F5000B0AC0 /* Reusable.swift in Sources */,
				85478EEF1E3937CC000B0AC0 /* ImageDetailViewController.swift in Sources */,
				85478EF11E3937EC000B0AC0 /* ListViewController.swift in Sources */,
				85345C6C1E38A89000729CC9 /* AppDelegate.swift in Sources */,
				85345CC21E38DF1A00729CC9 /* NetworkStatus.swift in Sources */,
				85345CCD1E38E40200729CC9 /* URLRequest.swift in Sources */,
				85345CD61E38FE4100729CC9 /* FlickerApiMethod.swift in Sources */,
				85345CD41E38F51F00729CC9 /* RequestEncoding.swift in Sources */,
				8511D7121E3A82C400AEAF2B /* Photos.InfoGetter.swift in Sources */,
				8511D7061E3A038F00AEAF2B /* FFError.swift in Sources */,
				8511D7141E3A851000AEAF2B /* FlickrPhotoDetails.swift in Sources */,
				85345CAC1E38B3DD00729CC9 /* User.PublicPhotosGetter.swift in Sources */,
				85478EF31E395DC5000B0AC0 /* PhotoSet.swift in Sources */,
				85345CD21E38E90000729CC9 /* DataToJSONConverter.swift in Sources */,
				85345CDA1E3903D200729CC9 /* FlickrImageSize.swift in Sources */,
				85345CC01E38DEF100729CC9 /* ResponseValidator.swift in Sources */,
				8511D7101E3A826A00AEAF2B /* Photos.swift in Sources */,
				85345C9A1E38AAAD00729CC9 /* User.swift in Sources */,
				85345CBE1E38DE3900729CC9 /* Network.Caller.swift in Sources */,
				85345CA81E38B0F800729CC9 /* Users.Searcher.swift in Sources */,
				85345CA61E38AE4800729CC9 /* FlickrCredentials.swift in Sources */,
				85345CAE1E38B42300729CC9 /* Users.swift in Sources */,
				85345CD01E38E4DE00729CC9 /* HTTPGet.swift in Sources */,
				85345CC61E38E34300729CC9 /* UrlRequestBuilder.swift in Sources */,
			);
			runOnlyForDeploymentPostprocessing = 0;
		};
		85345C781E38A89000729CC9 /* Sources */ = {
			isa = PBXSourcesBuildPhase;
			buildActionMask = 2147483647;
			files = (
				85345C811E38A89000729CC9 /* UserTests.swift in Sources */,
			);
			runOnlyForDeploymentPostprocessing = 0;
		};
		85345C831E38A89000729CC9 /* Sources */ = {
			isa = PBXSourcesBuildPhase;
			buildActionMask = 2147483647;
			files = (
				85345C8C1E38A89000729CC9 /* FFFTestUITests.swift in Sources */,
			);
			runOnlyForDeploymentPostprocessing = 0;
		};
/* End PBXSourcesBuildPhase section */

/* Begin PBXTargetDependency section */
		85345C7E1E38A89000729CC9 /* PBXTargetDependency */ = {
			isa = PBXTargetDependency;
			target = 85345C671E38A89000729CC9 /* FFFTest */;
			targetProxy = 85345C7D1E38A89000729CC9 /* PBXContainerItemProxy */;
		};
		85345C891E38A89000729CC9 /* PBXTargetDependency */ = {
			isa = PBXTargetDependency;
			target = 85345C671E38A89000729CC9 /* FFFTest */;
			targetProxy = 85345C881E38A89000729CC9 /* PBXContainerItemProxy */;
		};
/* End PBXTargetDependency section */

/* Begin PBXVariantGroup section */
		85345C6F1E38A89000729CC9 /* Main.storyboard */ = {
			isa = PBXVariantGroup;
			children = (
				85345C701E38A89000729CC9 /* Base */,
			);
			name = Main.storyboard;
			sourceTree = "<group>";
		};
		85345C741E38A89000729CC9 /* LaunchScreen.storyboard */ = {
			isa = PBXVariantGroup;
			children = (
				85345C751E38A89000729CC9 /* Base */,
			);
			name = LaunchScreen.storyboard;
			sourceTree = "<group>";
		};
/* End PBXVariantGroup section */

/* Begin XCBuildConfiguration section */
		85345C8E1E38A89000729CC9 /* Debug */ = {
			isa = XCBuildConfiguration;
			buildSettings = {
				ALWAYS_SEARCH_USER_PATHS = NO;
				CLANG_ANALYZER_NONNULL = YES;
				CLANG_CXX_LANGUAGE_STANDARD = "gnu++0x";
				CLANG_CXX_LIBRARY = "libc++";
				CLANG_ENABLE_MODULES = YES;
				CLANG_ENABLE_OBJC_ARC = YES;
				CLANG_WARN_BOOL_CONVERSION = YES;
				CLANG_WARN_CONSTANT_CONVERSION = YES;
				CLANG_WARN_DIRECT_OBJC_ISA_USAGE = YES_ERROR;
				CLANG_WARN_DOCUMENTATION_COMMENTS = YES;
				CLANG_WARN_EMPTY_BODY = YES;
				CLANG_WARN_ENUM_CONVERSION = YES;
				CLANG_WARN_INFINITE_RECURSION = YES;
				CLANG_WARN_INT_CONVERSION = YES;
				CLANG_WARN_OBJC_ROOT_CLASS = YES_ERROR;
				CLANG_WARN_SUSPICIOUS_MOVE = YES;
				CLANG_WARN_UNREACHABLE_CODE = YES;
				CLANG_WARN__DUPLICATE_METHOD_MATCH = YES;
				"CODE_SIGN_IDENTITY[sdk=iphoneos*]" = "iPhone Developer";
				COPY_PHASE_STRIP = NO;
				DEBUG_INFORMATION_FORMAT = dwarf;
				ENABLE_STRICT_OBJC_MSGSEND = YES;
				ENABLE_TESTABILITY = YES;
				GCC_C_LANGUAGE_STANDARD = gnu99;
				GCC_DYNAMIC_NO_PIC = NO;
				GCC_NO_COMMON_BLOCKS = YES;
				GCC_OPTIMIZATION_LEVEL = 0;
				GCC_PREPROCESSOR_DEFINITIONS = (
					"DEBUG=1",
					"$(inherited)",
				);
				GCC_WARN_64_TO_32_BIT_CONVERSION = YES;
				GCC_WARN_ABOUT_RETURN_TYPE = YES_ERROR;
				GCC_WARN_UNDECLARED_SELECTOR = YES;
				GCC_WARN_UNINITIALIZED_AUTOS = YES_AGGRESSIVE;
				GCC_WARN_UNUSED_FUNCTION = YES;
				GCC_WARN_UNUSED_VARIABLE = YES;
				IPHONEOS_DEPLOYMENT_TARGET = 10.2;
				MTL_ENABLE_DEBUG_INFO = YES;
				ONLY_ACTIVE_ARCH = YES;
				SDKROOT = iphoneos;
				SWIFT_ACTIVE_COMPILATION_CONDITIONS = DEBUG;
				SWIFT_OPTIMIZATION_LEVEL = "-Onone";
				TARGETED_DEVICE_FAMILY = "1,2";
			};
			name = Debug;
		};
		85345C8F1E38A89000729CC9 /* Release */ = {
			isa = XCBuildConfiguration;
			buildSettings = {
				ALWAYS_SEARCH_USER_PATHS = NO;
				CLANG_ANALYZER_NONNULL = YES;
				CLANG_CXX_LANGUAGE_STANDARD = "gnu++0x";
				CLANG_CXX_LIBRARY = "libc++";
				CLANG_ENABLE_MODULES = YES;
				CLANG_ENABLE_OBJC_ARC = YES;
				CLANG_WARN_BOOL_CONVERSION = YES;
				CLANG_WARN_CONSTANT_CONVERSION = YES;
				CLANG_WARN_DIRECT_OBJC_ISA_USAGE = YES_ERROR;
				CLANG_WARN_DOCUMENTATION_COMMENTS = YES;
				CLANG_WARN_EMPTY_BODY = YES;
				CLANG_WARN_ENUM_CONVERSION = YES;
				CLANG_WARN_INFINITE_RECURSION = YES;
				CLANG_WARN_INT_CONVERSION = YES;
				CLANG_WARN_OBJC_ROOT_CLASS = YES_ERROR;
				CLANG_WARN_SUSPICIOUS_MOVE = YES;
				CLANG_WARN_UNREACHABLE_CODE = YES;
				CLANG_WARN__DUPLICATE_METHOD_MATCH = YES;
				"CODE_SIGN_IDENTITY[sdk=iphoneos*]" = "iPhone Developer";
				COPY_PHASE_STRIP = NO;
				DEBUG_INFORMATION_FORMAT = "dwarf-with-dsym";
				ENABLE_NS_ASSERTIONS = NO;
				ENABLE_STRICT_OBJC_MSGSEND = YES;
				GCC_C_LANGUAGE_STANDARD = gnu99;
				GCC_NO_COMMON_BLOCKS = YES;
				GCC_WARN_64_TO_32_BIT_CONVERSION = YES;
				GCC_WARN_ABOUT_RETURN_TYPE = YES_ERROR;
				GCC_WARN_UNDECLARED_SELECTOR = YES;
				GCC_WARN_UNINITIALIZED_AUTOS = YES_AGGRESSIVE;
				GCC_WARN_UNUSED_FUNCTION = YES;
				GCC_WARN_UNUSED_VARIABLE = YES;
				IPHONEOS_DEPLOYMENT_TARGET = 10.2;
				MTL_ENABLE_DEBUG_INFO = NO;
				SDKROOT = iphoneos;
				SWIFT_OPTIMIZATION_LEVEL = "-Owholemodule";
				TARGETED_DEVICE_FAMILY = "1,2";
				VALIDATE_PRODUCT = YES;
			};
			name = Release;
		};
		85345C911E38A89000729CC9 /* Debug */ = {
			isa = XCBuildConfiguration;
			baseConfigurationReference = 1E58A70433DA08BD87DD53C3 /* Pods-FFFTest.debug.xcconfig */;
			buildSettings = {
				ASSETCATALOG_COMPILER_APPICON_NAME = AppIcon;
				DEVELOPMENT_TEAM = 9D23XSN84S;
				FRAMEWORK_SEARCH_PATHS = "$(inherited)";
				INFOPLIST_FILE = FFFTest/Configuration/Info.plist;
				LD_RUNPATH_SEARCH_PATHS = "$(inherited) @executable_path/Frameworks";
				PRODUCT_BUNDLE_IDENTIFIER = com.numicago.FFFTest;
				PRODUCT_NAME = "$(TARGET_NAME)";
				SWIFT_VERSION = 3.0;
			};
			name = Debug;
		};
		85345C921E38A89000729CC9 /* Release */ = {
			isa = XCBuildConfiguration;
			baseConfigurationReference = DA4D3E7CB938C7E29D8D3DD0 /* Pods-FFFTest.release.xcconfig */;
			buildSettings = {
				ASSETCATALOG_COMPILER_APPICON_NAME = AppIcon;
				DEVELOPMENT_TEAM = 9D23XSN84S;
				FRAMEWORK_SEARCH_PATHS = "$(inherited)";
				INFOPLIST_FILE = FFFTest/Configuration/Info.plist;
				LD_RUNPATH_SEARCH_PATHS = "$(inherited) @executable_path/Frameworks";
				PRODUCT_BUNDLE_IDENTIFIER = com.numicago.FFFTest;
				PRODUCT_NAME = "$(TARGET_NAME)";
				SWIFT_VERSION = 3.0;
			};
			name = Release;
		};
		85345C941E38A89000729CC9 /* Debug */ = {
			isa = XCBuildConfiguration;
			baseConfigurationReference = 88DAD57BBCB160377C683D45 /* Pods-FFFTestTests.debug.xcconfig */;
			buildSettings = {
				ALWAYS_EMBED_SWIFT_STANDARD_LIBRARIES = YES;
				BUNDLE_LOADER = "$(TEST_HOST)";
				INFOPLIST_FILE = FFFTestTests/Info.plist;
				LD_RUNPATH_SEARCH_PATHS = "$(inherited) @executable_path/Frameworks @loader_path/Frameworks";
				PRODUCT_BUNDLE_IDENTIFIER = com.numicago.FFFTestTests;
				PRODUCT_NAME = "$(TARGET_NAME)";
				SWIFT_VERSION = 3.0;
				TEST_HOST = "$(BUILT_PRODUCTS_DIR)/FFFTest.app/FFFTest";
			};
			name = Debug;
		};
		85345C951E38A89000729CC9 /* Release */ = {
			isa = XCBuildConfiguration;
			baseConfigurationReference = 65935221E3A77C4272314150 /* Pods-FFFTestTests.release.xcconfig */;
			buildSettings = {
				ALWAYS_EMBED_SWIFT_STANDARD_LIBRARIES = YES;
				BUNDLE_LOADER = "$(TEST_HOST)";
				INFOPLIST_FILE = FFFTestTests/Info.plist;
				LD_RUNPATH_SEARCH_PATHS = "$(inherited) @executable_path/Frameworks @loader_path/Frameworks";
				PRODUCT_BUNDLE_IDENTIFIER = com.numicago.FFFTestTests;
				PRODUCT_NAME = "$(TARGET_NAME)";
				SWIFT_VERSION = 3.0;
				TEST_HOST = "$(BUILT_PRODUCTS_DIR)/FFFTest.app/FFFTest";
			};
			name = Release;
		};
		85345C971E38A89000729CC9 /* Debug */ = {
			isa = XCBuildConfiguration;
			baseConfigurationReference = 5B015B367FDB01C23058A2BC /* Pods-FFFTestUITests.debug.xcconfig */;
			buildSettings = {
				ALWAYS_EMBED_SWIFT_STANDARD_LIBRARIES = YES;
				INFOPLIST_FILE = FFFTestUITests/Info.plist;
				LD_RUNPATH_SEARCH_PATHS = "$(inherited) @executable_path/Frameworks @loader_path/Frameworks";
				PRODUCT_BUNDLE_IDENTIFIER = com.numicago.FFFTestUITests;
				PRODUCT_NAME = "$(TARGET_NAME)";
				SWIFT_VERSION = 3.0;
				TEST_TARGET_NAME = FFFTest;
			};
			name = Debug;
		};
		85345C981E38A89000729CC9 /* Release */ = {
			isa = XCBuildConfiguration;
			baseConfigurationReference = 218E86A5433EC637275FB179 /* Pods-FFFTestUITests.release.xcconfig */;
			buildSettings = {
				ALWAYS_EMBED_SWIFT_STANDARD_LIBRARIES = YES;
				INFOPLIST_FILE = FFFTestUITests/Info.plist;
				LD_RUNPATH_SEARCH_PATHS = "$(inherited) @executable_path/Frameworks @loader_path/Frameworks";
				PRODUCT_BUNDLE_IDENTIFIER = com.numicago.FFFTestUITests;
				PRODUCT_NAME = "$(TARGET_NAME)";
				SWIFT_VERSION = 3.0;
				TEST_TARGET_NAME = FFFTest;
			};
			name = Release;
		};
/* End XCBuildConfiguration section */

/* Begin XCConfigurationList section */
		85345C631E38A89000729CC9 /* Build configuration list for PBXProject "FFFTest" */ = {
			isa = XCConfigurationList;
			buildConfigurations = (
				85345C8E1E38A89000729CC9 /* Debug */,
				85345C8F1E38A89000729CC9 /* Release */,
			);
			defaultConfigurationIsVisible = 0;
			defaultConfigurationName = Release;
		};
		85345C901E38A89000729CC9 /* Build configuration list for PBXNativeTarget "FFFTest" */ = {
			isa = XCConfigurationList;
			buildConfigurations = (
				85345C911E38A89000729CC9 /* Debug */,
				85345C921E38A89000729CC9 /* Release */,
			);
			defaultConfigurationIsVisible = 0;
			defaultConfigurationName = Release;
		};
		85345C931E38A89000729CC9 /* Build configuration list for PBXNativeTarget "FFFTestTests" */ = {
			isa = XCConfigurationList;
			buildConfigurations = (
				85345C941E38A89000729CC9 /* Debug */,
				85345C951E38A89000729CC9 /* Release */,
			);
			defaultConfigurationIsVisible = 0;
			defaultConfigurationName = Release;
		};
		85345C961E38A89000729CC9 /* Build configuration list for PBXNativeTarget "FFFTestUITests" */ = {
			isa = XCConfigurationList;
			buildConfigurations = (
				85345C971E38A89000729CC9 /* Debug */,
				85345C981E38A89000729CC9 /* Release */,
			);
			defaultConfigurationIsVisible = 0;
			defaultConfigurationName = Release;
		};
/* End XCConfigurationList section */
	};
	rootObject = 85345C601E38A89000729CC9 /* Project object */;
}
